
Microsoft Visual Studio Solution File, Format Version 12.00
# Visual Studio Version 16
VisualStudioVersion = 16.0.31025.194
MinimumVisualStudioVersion = 10.0.40219.1
Project("{FAE04EC0-301F-11D3-BF4B-00C04F79EFBC}") = "week04", "week04\week04.csproj", "{CC5C2D13-E513-4CD2-AD1D-5E2B92625279}"
EndProject
Global
	GlobalSection(SolutionConfigurationPlatforms) = preSolution
		Debug|Any CPU = Debug|Any CPU
		Release|Any CPU = Release|Any CPU
	EndGlobalSection
	GlobalSection(ProjectConfigurationPlatforms) = postSolution
		{CC5C2D13-E513-4CD2-AD1D-5E2B92625279}.Debug|Any CPU.ActiveCfg = Debug|Any CPU
		{CC5C2D13-E513-4CD2-AD1D-5E2B92625279}.Debug|Any CPU.Build.0 = Debug|Any CPU
		{CC5C2D13-E513-4CD2-AD1D-5E2B92625279}.Release|Any CPU.ActiveCfg = Release|Any CPU
		{CC5C2D13-E513-4CD2-AD1D-5E2B92625279}.Release|Any CPU.Build.0 = Release|Any CPU
	EndGlobalSection
	GlobalSection(SolutionProperties) = preSolution
		HideSolutionNode = FALSE
	EndGlobalSection
	GlobalSection(ExtensibilityGlobals) = postSolution
		SolutionGuid = {217AF917-D1A9-4307-99F5-63E0372E43B2}
	EndGlobalSection
EndGlobal
