
Microsoft Visual Studio Solution File, Format Version 12.00
# Visual Studio Version 16
VisualStudioVersion = 16.0.31025.194
MinimumVisualStudioVersion = 10.0.40219.1
Project("{FAE04EC0-301F-11D3-BF4B-00C04F79EFBC}") = "week08", "week08\week08.csproj", "{6368B6C0-F6CC-490A-B426-C7A97929B58F}"
EndProject
Global
	GlobalSection(SolutionConfigurationPlatforms) = preSolution
		Debug|Any CPU = Debug|Any CPU
		Release|Any CPU = Release|Any CPU
	EndGlobalSection
	GlobalSection(ProjectConfigurationPlatforms) = postSolution
		{6368B6C0-F6CC-490A-B426-C7A97929B58F}.Debug|Any CPU.ActiveCfg = Debug|Any CPU
		{6368B6C0-F6CC-490A-B426-C7A97929B58F}.Debug|Any CPU.Build.0 = Debug|Any CPU
		{6368B6C0-F6CC-490A-B426-C7A97929B58F}.Release|Any CPU.ActiveCfg = Release|Any CPU
		{6368B6C0-F6CC-490A-B426-C7A97929B58F}.Release|Any CPU.Build.0 = Release|Any CPU
	EndGlobalSection
	GlobalSection(SolutionProperties) = preSolution
		HideSolutionNode = FALSE
	EndGlobalSection
	GlobalSection(ExtensibilityGlobals) = postSolution
		SolutionGuid = {12913DEE-4D1B-4852-93C3-09AEA8DBE1E5}
	EndGlobalSection
EndGlobal
