
Microsoft Visual Studio Solution File, Format Version 12.00
# Visual Studio Version 16
VisualStudioVersion = 16.0.31911.196
MinimumVisualStudioVersion = 10.0.40219.1
Project("{FAE04EC0-301F-11D3-BF4B-00C04F79EFBC}") = "week09", "week09\week09.csproj", "{6DFD079A-6514-4377-AA49-089B84328CFE}"
EndProject
Global
	GlobalSection(SolutionConfigurationPlatforms) = preSolution
		Debug|Any CPU = Debug|Any CPU
		Release|Any CPU = Release|Any CPU
	EndGlobalSection
	GlobalSection(ProjectConfigurationPlatforms) = postSolution
		{6DFD079A-6514-4377-AA49-089B84328CFE}.Debug|Any CPU.ActiveCfg = Debug|Any CPU
		{6DFD079A-6514-4377-AA49-089B84328CFE}.Debug|Any CPU.Build.0 = Debug|Any CPU
		{6DFD079A-6514-4377-AA49-089B84328CFE}.Release|Any CPU.ActiveCfg = Release|Any CPU
		{6DFD079A-6514-4377-AA49-089B84328CFE}.Release|Any CPU.Build.0 = Release|Any CPU
	EndGlobalSection
	GlobalSection(SolutionProperties) = preSolution
		HideSolutionNode = FALSE
	EndGlobalSection
	GlobalSection(ExtensibilityGlobals) = postSolution
		SolutionGuid = {2A9F95A6-DBA6-47B5-81C1-10792C65929B}
	EndGlobalSection
EndGlobal
